
Microsoft Visual Studio Solution File, Format Version 11.00
# Visual Studio 2010
Project("{F184B08F-C81C-45F6-A57F-5ABD9991F28F}") = "Label-TextBox", "Label-TextBox\Label-TextBox.vbproj", "{6ACB5EC5-85B8-4516-B989-0239829B6E63}"
EndProject
Global
	GlobalSection(SolutionConfigurationPlatforms) = preSolution
		Debug|x86 = Debug|x86
		Release|x86 = Release|x86
	EndGlobalSection
	GlobalSection(ProjectConfigurationPlatforms) = postSolution
		{6ACB5EC5-85B8-4516-B989-0239829B6E63}.Debug|x86.ActiveCfg = Debug|x86
		{6ACB5EC5-85B8-4516-B989-0239829B6E63}.Debug|x86.Build.0 = Debug|x86
		{6ACB5EC5-85B8-4516-B989-0239829B6E63}.Release|x86.ActiveCfg = Release|x86
		{6ACB5EC5-85B8-4516-B989-0239829B6E63}.Release|x86.Build.0 = Release|x86
	EndGlobalSection
	GlobalSection(SolutionProperties) = preSolution
		HideSolutionNode = FALSE
	EndGlobalSection
EndGlobal
